
Microsoft Visual Studio Solution File, Format Version 12.00
# Visual Studio Version 17
VisualStudioVersion = 17.1.32421.90
MinimumVisualStudioVersion = 10.0.40219.1
Project("{2150E333-8FDC-42A3-9474-1A3956D46DE8}") = "Core", "Core", "{99BE8358-0033-4C13-8AD5-C1119A94F053}"
EndProject
Project("{9A19103F-16F7-4668-BE54-9A1E7A4F7556}") = "Nexu.Core.Application", "src\Core\src\Nexu.Core.Application\Nexu.Core.Application.csproj", "{3B04D703-812F-4BCB-BF17-101C50A1B899}"
EndProject
Project("{9A19103F-16F7-4668-BE54-9A1E7A4F7556}") = "Nexu.Core.Domain", "src\Core\src\Nexu.Core.Domain\Nexu.Core.Domain.csproj", "{D0FA33AA-98B4-47F5-BD15-C0162AAC96EF}"
EndProject
Project("{9A19103F-16F7-4668-BE54-9A1E7A4F7556}") = "Nexu.Core.Persistence", "src\Core\src\Nexu.Core.Persistence\Nexu.Core.Persistence.csproj", "{CA57F61E-9EA6-4E0B-AAF9-C88E61F5EDDB}"
EndProject
Project("{9A19103F-16F7-4668-BE54-9A1E7A4F7556}") = "Nexu.Core.Test", "src\Core\src\Nexu.Core.Test\Nexu.Core.Test.csproj", "{94DBD9C7-C3BB-4CF6-B860-4C923264F5A6}"
EndProject
Project("{2150E333-8FDC-42A3-9474-1A3956D46DE8}") = "Shared", "Shared", "{8020F22C-60BE-4F9C-9A8A-793E282A6124}"
EndProject
Project("{9A19103F-16F7-4668-BE54-9A1E7A4F7556}") = "Nexu.Messages", "src\Shared\src\Nexu.Messages\Nexu.Messages.csproj", "{53EEA02C-7CFF-46D5-87A0-C20D93AA1D72}"
EndProject
Project("{9A19103F-16F7-4668-BE54-9A1E7A4F7556}") = "Nexu.Shared", "src\Shared\src\Nexu.Shared\Nexu.Shared.csproj", "{B5A48E6D-B37F-4A5B-96B3-EB14DB3FD1F2}"
EndProject
Project("{9A19103F-16F7-4668-BE54-9A1E7A4F7556}") = "Nexu.Shared.AspNetCore", "src\Shared\src\Nexu.Shared.AspNetCore\Nexu.Shared.AspNetCore.csproj", "{AB52458A-C8B7-41F6-BDF1-7E6D2FEABCF4}"
EndProject
Project("{9A19103F-16F7-4668-BE54-9A1E7A4F7556}") = "Nexu.Shared.EntityFrameworkCore", "src\Shared\src\Nexu.Shared.EntityFrameworkCore\Nexu.Shared.EntityFrameworkCore.csproj", "{E1173B28-A28E-48D6-8E69-4DE6FEEE92C3}"
EndProject
Project("{9A19103F-16F7-4668-BE54-9A1E7A4F7556}") = "Nexu.Shared.Infrastructure", "src\Shared\src\Nexu.Shared.Infrastructure\Nexu.Shared.Infrastructure.csproj", "{608B599D-69FD-47D4-A357-7C26D60A96BC}"
EndProject
Project("{9A19103F-16F7-4668-BE54-9A1E7A4F7556}") = "Nexu.Core.Api", "src\Core\src\Nexu.Core.Api\Nexu.Core.Api.csproj", "{0E22A575-DFE2-452B-A84F-B8220697C955}"
EndProject
Global
	GlobalSection(SolutionConfigurationPlatforms) = preSolution
		Debug|Any CPU = Debug|Any CPU
		Debug|x64 = Debug|x64
		Debug|x86 = Debug|x86
		Release|Any CPU = Release|Any CPU
		Release|x64 = Release|x64
		Release|x86 = Release|x86
	EndGlobalSection
	GlobalSection(ProjectConfigurationPlatforms) = postSolution
		{3B04D703-812F-4BCB-BF17-101C50A1B899}.Debug|Any CPU.ActiveCfg = Debug|Any CPU
		{3B04D703-812F-4BCB-BF17-101C50A1B899}.Debug|Any CPU.Build.0 = Debug|Any CPU
		{3B04D703-812F-4BCB-BF17-101C50A1B899}.Debug|x64.ActiveCfg = Debug|Any CPU
		{3B04D703-812F-4BCB-BF17-101C50A1B899}.Debug|x64.Build.0 = Debug|Any CPU
		{3B04D703-812F-4BCB-BF17-101C50A1B899}.Debug|x86.ActiveCfg = Debug|Any CPU
		{3B04D703-812F-4BCB-BF17-101C50A1B899}.Debug|x86.Build.0 = Debug|Any CPU
		{3B04D703-812F-4BCB-BF17-101C50A1B899}.Release|Any CPU.ActiveCfg = Release|Any CPU
		{3B04D703-812F-4BCB-BF17-101C50A1B899}.Release|Any CPU.Build.0 = Release|Any CPU
		{3B04D703-812F-4BCB-BF17-101C50A1B899}.Release|x64.ActiveCfg = Release|Any CPU
		{3B04D703-812F-4BCB-BF17-101C50A1B899}.Release|x64.Build.0 = Release|Any CPU
		{3B04D703-812F-4BCB-BF17-101C50A1B899}.Release|x86.ActiveCfg = Release|Any CPU
		{3B04D703-812F-4BCB-BF17-101C50A1B899}.Release|x86.Build.0 = Release|Any CPU
		{D0FA33AA-98B4-47F5-BD15-C0162AAC96EF}.Debug|Any CPU.ActiveCfg = Debug|Any CPU
		{D0FA33AA-98B4-47F5-BD15-C0162AAC96EF}.Debug|Any CPU.Build.0 = Debug|Any CPU
		{D0FA33AA-98B4-47F5-BD15-C0162AAC96EF}.Debug|x64.ActiveCfg = Debug|Any CPU
		{D0FA33AA-98B4-47F5-BD15-C0162AAC96EF}.Debug|x64.Build.0 = Debug|Any CPU
		{D0FA33AA-98B4-47F5-BD15-C0162AAC96EF}.Debug|x86.ActiveCfg = Debug|Any CPU
		{D0FA33AA-98B4-47F5-BD15-C0162AAC96EF}.Debug|x86.Build.0 = Debug|Any CPU
		{D0FA33AA-98B4-47F5-BD15-C0162AAC96EF}.Release|Any CPU.ActiveCfg = Release|Any CPU
		{D0FA33AA-98B4-47F5-BD15-C0162AAC96EF}.Release|Any CPU.Build.0 = Release|Any CPU
		{D0FA33AA-98B4-47F5-BD15-C0162AAC96EF}.Release|x64.ActiveCfg = Release|Any CPU
		{D0FA33AA-98B4-47F5-BD15-C0162AAC96EF}.Release|x64.Build.0 = Release|Any CPU
		{D0FA33AA-98B4-47F5-BD15-C0162AAC96EF}.Release|x86.ActiveCfg = Release|Any CPU
		{D0FA33AA-98B4-47F5-BD15-C0162AAC96EF}.Release|x86.Build.0 = Release|Any CPU
		{CA57F61E-9EA6-4E0B-AAF9-C88E61F5EDDB}.Debug|Any CPU.ActiveCfg = Debug|Any CPU
		{CA57F61E-9EA6-4E0B-AAF9-C88E61F5EDDB}.Debug|Any CPU.Build.0 = Debug|Any CPU
		{CA57F61E-9EA6-4E0B-AAF9-C88E61F5EDDB}.Debug|x64.ActiveCfg = Debug|Any CPU
		{CA57F61E-9EA6-4E0B-AAF9-C88E61F5EDDB}.Debug|x64.Build.0 = Debug|Any CPU
		{CA57F61E-9EA6-4E0B-AAF9-C88E61F5EDDB}.Debug|x86.ActiveCfg = Debug|Any CPU
		{CA57F61E-9EA6-4E0B-AAF9-C88E61F5EDDB}.Debug|x86.Build.0 = Debug|Any CPU
		{CA57F61E-9EA6-4E0B-AAF9-C88E61F5EDDB}.Release|Any CPU.ActiveCfg = Release|Any CPU
		{CA57F61E-9EA6-4E0B-AAF9-C88E61F5EDDB}.Release|Any CPU.Build.0 = Release|Any CPU
		{CA57F61E-9EA6-4E0B-AAF9-C88E61F5EDDB}.Release|x64.ActiveCfg = Release|Any CPU
		{CA57F61E-9EA6-4E0B-AAF9-C88E61F5EDDB}.Release|x64.Build.0 = Release|Any CPU
		{CA57F61E-9EA6-4E0B-AAF9-C88E61F5EDDB}.Release|x86.ActiveCfg = Release|Any CPU
		{CA57F61E-9EA6-4E0B-AAF9-C88E61F5EDDB}.Release|x86.Build.0 = Release|Any CPU
		{94DBD9C7-C3BB-4CF6-B860-4C923264F5A6}.Debug|Any CPU.ActiveCfg = Debug|Any CPU
		{94DBD9C7-C3BB-4CF6-B860-4C923264F5A6}.Debug|Any CPU.Build.0 = Debug|Any CPU
		{94DBD9C7-C3BB-4CF6-B860-4C923264F5A6}.Debug|x64.ActiveCfg = Debug|Any CPU
		{94DBD9C7-C3BB-4CF6-B860-4C923264F5A6}.Debug|x64.Build.0 = Debug|Any CPU
		{94DBD9C7-C3BB-4CF6-B860-4C923264F5A6}.Debug|x86.ActiveCfg = Debug|Any CPU
		{94DBD9C7-C3BB-4CF6-B860-4C923264F5A6}.Debug|x86.Build.0 = Debug|Any CPU
		{94DBD9C7-C3BB-4CF6-B860-4C923264F5A6}.Release|Any CPU.ActiveCfg = Release|Any CPU
		{94DBD9C7-C3BB-4CF6-B860-4C923264F5A6}.Release|Any CPU.Build.0 = Release|Any CPU
		{94DBD9C7-C3BB-4CF6-B860-4C923264F5A6}.Release|x64.ActiveCfg = Release|Any CPU
		{94DBD9C7-C3BB-4CF6-B860-4C923264F5A6}.Release|x64.Build.0 = Release|Any CPU
		{94DBD9C7-C3BB-4CF6-B860-4C923264F5A6}.Release|x86.ActiveCfg = Release|Any CPU
		{94DBD9C7-C3BB-4CF6-B860-4C923264F5A6}.Release|x86.Build.0 = Release|Any CPU
		{53EEA02C-7CFF-46D5-87A0-C20D93AA1D72}.Debug|Any CPU.ActiveCfg = Debug|Any CPU
		{53EEA02C-7CFF-46D5-87A0-C20D93AA1D72}.Debug|Any CPU.Build.0 = Debug|Any CPU
		{53EEA02C-7CFF-46D5-87A0-C20D93AA1D72}.Debug|x64.ActiveCfg = Debug|Any CPU
		{53EEA02C-7CFF-46D5-87A0-C20D93AA1D72}.Debug|x64.Build.0 = Debug|Any CPU
		{53EEA02C-7CFF-46D5-87A0-C20D93AA1D72}.Debug|x86.ActiveCfg = Debug|Any CPU
		{53EEA02C-7CFF-46D5-87A0-C20D93AA1D72}.Debug|x86.Build.0 = Debug|Any CPU
		{53EEA02C-7CFF-46D5-87A0-C20D93AA1D72}.Release|Any CPU.ActiveCfg = Release|Any CPU
		{53EEA02C-7CFF-46D5-87A0-C20D93AA1D72}.Release|Any CPU.Build.0 = Release|Any CPU
		{53EEA02C-7CFF-46D5-87A0-C20D93AA1D72}.Release|x64.ActiveCfg = Release|Any CPU
		{53EEA02C-7CFF-46D5-87A0-C20D93AA1D72}.Release|x64.Build.0 = Release|Any CPU
		{53EEA02C-7CFF-46D5-87A0-C20D93AA1D72}.Release|x86.ActiveCfg = Release|Any CPU
		{53EEA02C-7CFF-46D5-87A0-C20D93AA1D72}.Release|x86.Build.0 = Release|Any CPU
		{B5A48E6D-B37F-4A5B-96B3-EB14DB3FD1F2}.Debug|Any CPU.ActiveCfg = Debug|Any CPU
		{B5A48E6D-B37F-4A5B-96B3-EB14DB3FD1F2}.Debug|Any CPU.Build.0 = Debug|Any CPU
		{B5A48E6D-B37F-4A5B-96B3-EB14DB3FD1F2}.Debug|x64.ActiveCfg = Debug|Any CPU
		{B5A48E6D-B37F-4A5B-96B3-EB14DB3FD1F2}.Debug|x64.Build.0 = Debug|Any CPU
		{B5A48E6D-B37F-4A5B-96B3-EB14DB3FD1F2}.Debug|x86.ActiveCfg = Debug|Any CPU
		{B5A48E6D-B37F-4A5B-96B3-EB14DB3FD1F2}.Debug|x86.Build.0 = Debug|Any CPU
		{B5A48E6D-B37F-4A5B-96B3-EB14DB3FD1F2}.Release|Any CPU.ActiveCfg = Release|Any CPU
		{B5A48E6D-B37F-4A5B-96B3-EB14DB3FD1F2}.Release|Any CPU.Build.0 = Release|Any CPU
		{B5A48E6D-B37F-4A5B-96B3-EB14DB3FD1F2}.Release|x64.ActiveCfg = Release|Any CPU
		{B5A48E6D-B37F-4A5B-96B3-EB14DB3FD1F2}.Release|x64.Build.0 = Release|Any CPU
		{B5A48E6D-B37F-4A5B-96B3-EB14DB3FD1F2}.Release|x86.ActiveCfg = Release|Any CPU
		{B5A48E6D-B37F-4A5B-96B3-EB14DB3FD1F2}.Release|x86.Build.0 = Release|Any CPU
		{AB52458A-C8B7-41F6-BDF1-7E6D2FEABCF4}.Debug|Any CPU.ActiveCfg = Debug|Any CPU
		{AB52458A-C8B7-41F6-BDF1-7E6D2FEABCF4}.Debug|Any CPU.Build.0 = Debug|Any CPU
		{AB52458A-C8B7-41F6-BDF1-7E6D2FEABCF4}.Debug|x64.ActiveCfg = Debug|Any CPU
		{AB52458A-C8B7-41F6-BDF1-7E6D2FEABCF4}.Debug|x64.Build.0 = Debug|Any CPU
		{AB52458A-C8B7-41F6-BDF1-7E6D2FEABCF4}.Debug|x86.ActiveCfg = Debug|Any CPU
		{AB52458A-C8B7-41F6-BDF1-7E6D2FEABCF4}.Debug|x86.Build.0 = Debug|Any CPU
		{AB52458A-C8B7-41F6-BDF1-7E6D2FEABCF4}.Release|Any CPU.ActiveCfg = Release|Any CPU
		{AB52458A-C8B7-41F6-BDF1-7E6D2FEABCF4}.Release|Any CPU.Build.0 = Release|Any CPU
		{AB52458A-C8B7-41F6-BDF1-7E6D2FEABCF4}.Release|x64.ActiveCfg = Release|Any CPU
		{AB52458A-C8B7-41F6-BDF1-7E6D2FEABCF4}.Release|x64.Build.0 = Release|Any CPU
		{AB52458A-C8B7-41F6-BDF1-7E6D2FEABCF4}.Release|x86.ActiveCfg = Release|Any CPU
		{AB52458A-C8B7-41F6-BDF1-7E6D2FEABCF4}.Release|x86.Build.0 = Release|Any CPU
		{E1173B28-A28E-48D6-8E69-4DE6FEEE92C3}.Debug|Any CPU.ActiveCfg = Debug|Any CPU
		{E1173B28-A28E-48D6-8E69-4DE6FEEE92C3}.Debug|Any CPU.Build.0 = Debug|Any CPU
		{E1173B28-A28E-48D6-8E69-4DE6FEEE92C3}.Debug|x64.ActiveCfg = Debug|Any CPU
		{E1173B28-A28E-48D6-8E69-4DE6FEEE92C3}.Debug|x64.Build.0 = Debug|Any CPU
		{E1173B28-A28E-48D6-8E69-4DE6FEEE92C3}.Debug|x86.ActiveCfg = Debug|Any CPU
		{E1173B28-A28E-48D6-8E69-4DE6FEEE92C3}.Debug|x86.Build.0 = Debug|Any CPU
		{E1173B28-A28E-48D6-8E69-4DE6FEEE92C3}.Release|Any CPU.ActiveCfg = Release|Any CPU
		{E1173B28-A28E-48D6-8E69-4DE6FEEE92C3}.Release|Any CPU.Build.0 = Release|Any CPU
		{E1173B28-A28E-48D6-8E69-4DE6FEEE92C3}.Release|x64.ActiveCfg = Release|Any CPU
		{E1173B28-A28E-48D6-8E69-4DE6FEEE92C3}.Release|x64.Build.0 = Release|Any CPU
		{E1173B28-A28E-48D6-8E69-4DE6FEEE92C3}.Release|x86.ActiveCfg = Release|Any CPU
		{E1173B28-A28E-48D6-8E69-4DE6FEEE92C3}.Release|x86.Build.0 = Release|Any CPU
		{608B599D-69FD-47D4-A357-7C26D60A96BC}.Debug|Any CPU.ActiveCfg = Debug|Any CPU
		{608B599D-69FD-47D4-A357-7C26D60A96BC}.Debug|Any CPU.Build.0 = Debug|Any CPU
		{608B599D-69FD-47D4-A357-7C26D60A96BC}.Debug|x64.ActiveCfg = Debug|Any CPU
		{608B599D-69FD-47D4-A357-7C26D60A96BC}.Debug|x64.Build.0 = Debug|Any CPU
		{608B599D-69FD-47D4-A357-7C26D60A96BC}.Debug|x86.ActiveCfg = Debug|Any CPU
		{608B599D-69FD-47D4-A357-7C26D60A96BC}.Debug|x86.Build.0 = Debug|Any CPU
		{608B599D-69FD-47D4-A357-7C26D60A96BC}.Release|Any CPU.ActiveCfg = Release|Any CPU
		{608B599D-69FD-47D4-A357-7C26D60A96BC}.Release|Any CPU.Build.0 = Release|Any CPU
		{608B599D-69FD-47D4-A357-7C26D60A96BC}.Release|x64.ActiveCfg = Release|Any CPU
		{608B599D-69FD-47D4-A357-7C26D60A96BC}.Release|x64.Build.0 = Release|Any CPU
		{608B599D-69FD-47D4-A357-7C26D60A96BC}.Release|x86.ActiveCfg = Release|Any CPU
		{608B599D-69FD-47D4-A357-7C26D60A96BC}.Release|x86.Build.0 = Release|Any CPU
		{0E22A575-DFE2-452B-A84F-B8220697C955}.Debug|Any CPU.ActiveCfg = Debug|Any CPU
		{0E22A575-DFE2-452B-A84F-B8220697C955}.Debug|Any CPU.Build.0 = Debug|Any CPU
		{0E22A575-DFE2-452B-A84F-B8220697C955}.Debug|x64.ActiveCfg = Debug|Any CPU
		{0E22A575-DFE2-452B-A84F-B8220697C955}.Debug|x64.Build.0 = Debug|Any CPU
		{0E22A575-DFE2-452B-A84F-B8220697C955}.Debug|x86.ActiveCfg = Debug|Any CPU
		{0E22A575-DFE2-452B-A84F-B8220697C955}.Debug|x86.Build.0 = Debug|Any CPU
		{0E22A575-DFE2-452B-A84F-B8220697C955}.Release|Any CPU.ActiveCfg = Release|Any CPU
		{0E22A575-DFE2-452B-A84F-B8220697C955}.Release|Any CPU.Build.0 = Release|Any CPU
		{0E22A575-DFE2-452B-A84F-B8220697C955}.Release|x64.ActiveCfg = Release|Any CPU
		{0E22A575-DFE2-452B-A84F-B8220697C955}.Release|x64.Build.0 = Release|Any CPU
		{0E22A575-DFE2-452B-A84F-B8220697C955}.Release|x86.ActiveCfg = Release|Any CPU
		{0E22A575-DFE2-452B-A84F-B8220697C955}.Release|x86.Build.0 = Release|Any CPU
	EndGlobalSection
	GlobalSection(SolutionProperties) = preSolution
		HideSolutionNode = FALSE
	EndGlobalSection
	GlobalSection(NestedProjects) = preSolution
		{3B04D703-812F-4BCB-BF17-101C50A1B899} = {99BE8358-0033-4C13-8AD5-C1119A94F053}
		{D0FA33AA-98B4-47F5-BD15-C0162AAC96EF} = {99BE8358-0033-4C13-8AD5-C1119A94F053}
		{CA57F61E-9EA6-4E0B-AAF9-C88E61F5EDDB} = {99BE8358-0033-4C13-8AD5-C1119A94F053}
		{94DBD9C7-C3BB-4CF6-B860-4C923264F5A6} = {99BE8358-0033-4C13-8AD5-C1119A94F053}
		{53EEA02C-7CFF-46D5-87A0-C20D93AA1D72} = {8020F22C-60BE-4F9C-9A8A-793E282A6124}
		{B5A48E6D-B37F-4A5B-96B3-EB14DB3FD1F2} = {8020F22C-60BE-4F9C-9A8A-793E282A6124}
		{AB52458A-C8B7-41F6-BDF1-7E6D2FEABCF4} = {8020F22C-60BE-4F9C-9A8A-793E282A6124}
		{E1173B28-A28E-48D6-8E69-4DE6FEEE92C3} = {8020F22C-60BE-4F9C-9A8A-793E282A6124}
		{608B599D-69FD-47D4-A357-7C26D60A96BC} = {8020F22C-60BE-4F9C-9A8A-793E282A6124}
		{0E22A575-DFE2-452B-A84F-B8220697C955} = {99BE8358-0033-4C13-8AD5-C1119A94F053}
	EndGlobalSection
	GlobalSection(ExtensibilityGlobals) = postSolution
		SolutionGuid = {5658AC47-0669-47AA-89F0-48067DAEEBE8}
	EndGlobalSection
EndGlobal
